{
  "name": "node-hero",
  "version": "1.0.0",
  "lockfileVersion": 1,
  "requires": true,
  "dependencies": {
    "jquery": {
      "version": "2.2.4",
      "resolved": "https://registry.npmjs.org/jquery/-/jquery-2.2.4.tgz",
      "integrity": "sha1-LInWiJterFIqfuoywUUhVZxsvwI="
    },
    "jquery-bridget": {
      "version": "1.1.0",
      "resolved": "https://registry.npmjs.org/jquery-bridget/-/jquery-bridget-1.1.0.tgz",
      "integrity": "sha1-0F26wptmC3KJOcrjo+whmGbYUTk=",
      "requires": {
        "jquery": ">=1.4.2 <3"
      }
    },
    "redline": {
      "version": "1.0.1",
      "resolved": "https://registry.npmjs.org/redline/-/redline-1.0.1.tgz",
      "integrity": "sha1-jHdkhoal3DuPZ8ByqU0JWAfuTC8=",
      "requires": {
        "jquery-bridget": "^1.1.0"
      }
    }
  }
}
